
Microsoft Visual Studio Solution File, Format Version 12.00
# Visual Studio 15
VisualStudioVersion = 15.0.28010.2036
MinimumVisualStudioVersion = 10.0.40219.1
Project("{FAE04EC0-301F-11D3-BF4B-00C04F79EFBC}") = "Generics", "Generics\Generics.csproj", "{E1D24779-96C0-4B46-A254-0458789B0141}"
EndProject
Project("{FAE04EC0-301F-11D3-BF4B-00C04F79EFBC}") = "EventsUndDelegates", "EventsUndDelegates\EventsUndDelegates.csproj", "{A1F359F9-6069-41DB-AE18-B716445D01E5}"
EndProject
Project("{FAE04EC0-301F-11D3-BF4B-00C04F79EFBC}") = "LinqUndLambda", "LinqUndLambda\LinqUndLambda.csproj", "{579B62C5-2E60-41AE-B69D-0547626AB7A1}"
EndProject
Project("{2150E333-8FDC-42A3-9474-1A3956D46DE8}") = "SOLID_Rechner", "SOLID_Rechner", "{87A1FEA0-0257-4A7D-8D79-CFB8F396DE83}"
EndProject
Project("{FAE04EC0-301F-11D3-BF4B-00C04F79EFBC}") = "RechnerConsole", "RechnerConsole\RechnerConsole.csproj", "{D522BB9B-967D-47A5-A232-108C1705A733}"
EndProject
Project("{FAE04EC0-301F-11D3-BF4B-00C04F79EFBC}") = "RechnerConsoleTest", "RechnerConsoleTest\RechnerConsoleTest.csproj", "{BFBFA578-FFFE-4ADE-8CF0-E5215E68F44B}"
EndProject
Project("{FAE04EC0-301F-11D3-BF4B-00C04F79EFBC}") = "RechnerContracts", "RechnerContracts\RechnerContracts.csproj", "{10AEE33E-ECB0-403F-A601-79F5CBD8FEB9}"
EndProject
Project("{FAE04EC0-301F-11D3-BF4B-00C04F79EFBC}") = "RechnerHelper", "RechnerHelper\RechnerHelper.csproj", "{7A9F07A9-F416-4028-B10E-1863E08AC632}"
EndProject
Project("{FAE04EC0-301F-11D3-BF4B-00C04F79EFBC}") = "RechnerForms", "RechnerForms\RechnerForms.csproj", "{70BD57CF-3528-4808-99FF-FADDAE8FDDEC}"
EndProject
Project("{2150E333-8FDC-42A3-9474-1A3956D46DE8}") = "Büchersuche", "Büchersuche", "{4DBF963E-ED21-4DD5-8944-BF620970D3CA}"
EndProject
Project("{FAE04EC0-301F-11D3-BF4B-00C04F79EFBC}") = "BücherContracts", "BücherContracts\BücherContracts.csproj", "{C8806178-E1E4-4A46-BE2A-2A8B3F8917D7}"
EndProject
Project("{FAE04EC0-301F-11D3-BF4B-00C04F79EFBC}") = "BücherHelper", "BücherHelper\BücherHelper.csproj", "{CD0A1A0D-4D52-48C7-B614-A0C9A63B6CE4}"
EndProject
Project("{FAE04EC0-301F-11D3-BF4B-00C04F79EFBC}") = "BüchersucheManager", "BüchersucheManager\BüchersucheManager.csproj", "{C1214AEF-BDFE-4FBD-8202-D65AB4D0E64D}"
EndProject
Project("{2150E333-8FDC-42A3-9474-1A3956D46DE8}") = "Multithreading", "Multithreading", "{817A0DAD-7CDE-428E-8F95-6B551EA07210}"
EndProject
Project("{FAE04EC0-301F-11D3-BF4B-00C04F79EFBC}") = "ThreadTasksAsyncAwait", "ThreadTasksAsyncAwait\ThreadTasksAsyncAwait.csproj", "{A5B2FDE8-F108-4AD0-AE30-C093BF6F846B}"
EndProject
Project("{FAE04EC0-301F-11D3-BF4B-00C04F79EFBC}") = "SpecialTimer", "SpecialTimer\SpecialTimer.csproj", "{226B5761-3A24-4BFE-8974-A14AD9902E24}"
EndProject
Project("{2150E333-8FDC-42A3-9474-1A3956D46DE8}") = "SignalR", "SignalR", "{A9057A7B-D4EB-40BB-97FA-82B92D977794}"
EndProject
Project("{FAE04EC0-301F-11D3-BF4B-00C04F79EFBC}") = "ChatServer", "ChatServer\ChatServer.csproj", "{A4250310-8D3D-4F1A-AC1F-27209230A239}"
EndProject
Project("{FAE04EC0-301F-11D3-BF4B-00C04F79EFBC}") = "ChatClient", "ChatClient\ChatClient.csproj", "{4002EE83-8DE0-41B9-9DBA-F68093BF8F4E}"
EndProject
Global
	GlobalSection(SolutionConfigurationPlatforms) = preSolution
		Debug|Any CPU = Debug|Any CPU
		Release|Any CPU = Release|Any CPU
	EndGlobalSection
	GlobalSection(ProjectConfigurationPlatforms) = postSolution
		{E1D24779-96C0-4B46-A254-0458789B0141}.Debug|Any CPU.ActiveCfg = Debug|Any CPU
		{E1D24779-96C0-4B46-A254-0458789B0141}.Debug|Any CPU.Build.0 = Debug|Any CPU
		{E1D24779-96C0-4B46-A254-0458789B0141}.Release|Any CPU.ActiveCfg = Release|Any CPU
		{E1D24779-96C0-4B46-A254-0458789B0141}.Release|Any CPU.Build.0 = Release|Any CPU
		{A1F359F9-6069-41DB-AE18-B716445D01E5}.Debug|Any CPU.ActiveCfg = Debug|Any CPU
		{A1F359F9-6069-41DB-AE18-B716445D01E5}.Debug|Any CPU.Build.0 = Debug|Any CPU
		{A1F359F9-6069-41DB-AE18-B716445D01E5}.Release|Any CPU.ActiveCfg = Release|Any CPU
		{A1F359F9-6069-41DB-AE18-B716445D01E5}.Release|Any CPU.Build.0 = Release|Any CPU
		{579B62C5-2E60-41AE-B69D-0547626AB7A1}.Debug|Any CPU.ActiveCfg = Debug|Any CPU
		{579B62C5-2E60-41AE-B69D-0547626AB7A1}.Debug|Any CPU.Build.0 = Debug|Any CPU
		{579B62C5-2E60-41AE-B69D-0547626AB7A1}.Release|Any CPU.ActiveCfg = Release|Any CPU
		{579B62C5-2E60-41AE-B69D-0547626AB7A1}.Release|Any CPU.Build.0 = Release|Any CPU
		{D522BB9B-967D-47A5-A232-108C1705A733}.Debug|Any CPU.ActiveCfg = Debug|Any CPU
		{D522BB9B-967D-47A5-A232-108C1705A733}.Debug|Any CPU.Build.0 = Debug|Any CPU
		{D522BB9B-967D-47A5-A232-108C1705A733}.Release|Any CPU.ActiveCfg = Release|Any CPU
		{D522BB9B-967D-47A5-A232-108C1705A733}.Release|Any CPU.Build.0 = Release|Any CPU
		{BFBFA578-FFFE-4ADE-8CF0-E5215E68F44B}.Debug|Any CPU.ActiveCfg = Debug|Any CPU
		{BFBFA578-FFFE-4ADE-8CF0-E5215E68F44B}.Debug|Any CPU.Build.0 = Debug|Any CPU
		{BFBFA578-FFFE-4ADE-8CF0-E5215E68F44B}.Release|Any CPU.ActiveCfg = Release|Any CPU
		{BFBFA578-FFFE-4ADE-8CF0-E5215E68F44B}.Release|Any CPU.Build.0 = Release|Any CPU
		{10AEE33E-ECB0-403F-A601-79F5CBD8FEB9}.Debug|Any CPU.ActiveCfg = Debug|Any CPU
		{10AEE33E-ECB0-403F-A601-79F5CBD8FEB9}.Debug|Any CPU.Build.0 = Debug|Any CPU
		{10AEE33E-ECB0-403F-A601-79F5CBD8FEB9}.Release|Any CPU.ActiveCfg = Release|Any CPU
		{10AEE33E-ECB0-403F-A601-79F5CBD8FEB9}.Release|Any CPU.Build.0 = Release|Any CPU
		{7A9F07A9-F416-4028-B10E-1863E08AC632}.Debug|Any CPU.ActiveCfg = Debug|Any CPU
		{7A9F07A9-F416-4028-B10E-1863E08AC632}.Debug|Any CPU.Build.0 = Debug|Any CPU
		{7A9F07A9-F416-4028-B10E-1863E08AC632}.Release|Any CPU.ActiveCfg = Release|Any CPU
		{7A9F07A9-F416-4028-B10E-1863E08AC632}.Release|Any CPU.Build.0 = Release|Any CPU
		{70BD57CF-3528-4808-99FF-FADDAE8FDDEC}.Debug|Any CPU.ActiveCfg = Debug|Any CPU
		{70BD57CF-3528-4808-99FF-FADDAE8FDDEC}.Debug|Any CPU.Build.0 = Debug|Any CPU
		{70BD57CF-3528-4808-99FF-FADDAE8FDDEC}.Release|Any CPU.ActiveCfg = Release|Any CPU
		{70BD57CF-3528-4808-99FF-FADDAE8FDDEC}.Release|Any CPU.Build.0 = Release|Any CPU
		{C8806178-E1E4-4A46-BE2A-2A8B3F8917D7}.Debug|Any CPU.ActiveCfg = Debug|Any CPU
		{C8806178-E1E4-4A46-BE2A-2A8B3F8917D7}.Debug|Any CPU.Build.0 = Debug|Any CPU
		{C8806178-E1E4-4A46-BE2A-2A8B3F8917D7}.Release|Any CPU.ActiveCfg = Release|Any CPU
		{C8806178-E1E4-4A46-BE2A-2A8B3F8917D7}.Release|Any CPU.Build.0 = Release|Any CPU
		{CD0A1A0D-4D52-48C7-B614-A0C9A63B6CE4}.Debug|Any CPU.ActiveCfg = Debug|Any CPU
		{CD0A1A0D-4D52-48C7-B614-A0C9A63B6CE4}.Debug|Any CPU.Build.0 = Debug|Any CPU
		{CD0A1A0D-4D52-48C7-B614-A0C9A63B6CE4}.Release|Any CPU.ActiveCfg = Release|Any CPU
		{CD0A1A0D-4D52-48C7-B614-A0C9A63B6CE4}.Release|Any CPU.Build.0 = Release|Any CPU
		{C1214AEF-BDFE-4FBD-8202-D65AB4D0E64D}.Debug|Any CPU.ActiveCfg = Debug|Any CPU
		{C1214AEF-BDFE-4FBD-8202-D65AB4D0E64D}.Debug|Any CPU.Build.0 = Debug|Any CPU
		{C1214AEF-BDFE-4FBD-8202-D65AB4D0E64D}.Release|Any CPU.ActiveCfg = Release|Any CPU
		{C1214AEF-BDFE-4FBD-8202-D65AB4D0E64D}.Release|Any CPU.Build.0 = Release|Any CPU
		{A5B2FDE8-F108-4AD0-AE30-C093BF6F846B}.Debug|Any CPU.ActiveCfg = Debug|Any CPU
		{A5B2FDE8-F108-4AD0-AE30-C093BF6F846B}.Debug|Any CPU.Build.0 = Debug|Any CPU
		{A5B2FDE8-F108-4AD0-AE30-C093BF6F846B}.Release|Any CPU.ActiveCfg = Release|Any CPU
		{A5B2FDE8-F108-4AD0-AE30-C093BF6F846B}.Release|Any CPU.Build.0 = Release|Any CPU
		{226B5761-3A24-4BFE-8974-A14AD9902E24}.Debug|Any CPU.ActiveCfg = Debug|Any CPU
		{226B5761-3A24-4BFE-8974-A14AD9902E24}.Debug|Any CPU.Build.0 = Debug|Any CPU
		{226B5761-3A24-4BFE-8974-A14AD9902E24}.Release|Any CPU.ActiveCfg = Release|Any CPU
		{226B5761-3A24-4BFE-8974-A14AD9902E24}.Release|Any CPU.Build.0 = Release|Any CPU
		{A4250310-8D3D-4F1A-AC1F-27209230A239}.Debug|Any CPU.ActiveCfg = Debug|Any CPU
		{A4250310-8D3D-4F1A-AC1F-27209230A239}.Debug|Any CPU.Build.0 = Debug|Any CPU
		{A4250310-8D3D-4F1A-AC1F-27209230A239}.Release|Any CPU.ActiveCfg = Release|Any CPU
		{A4250310-8D3D-4F1A-AC1F-27209230A239}.Release|Any CPU.Build.0 = Release|Any CPU
		{4002EE83-8DE0-41B9-9DBA-F68093BF8F4E}.Debug|Any CPU.ActiveCfg = Debug|Any CPU
		{4002EE83-8DE0-41B9-9DBA-F68093BF8F4E}.Debug|Any CPU.Build.0 = Debug|Any CPU
		{4002EE83-8DE0-41B9-9DBA-F68093BF8F4E}.Release|Any CPU.ActiveCfg = Release|Any CPU
		{4002EE83-8DE0-41B9-9DBA-F68093BF8F4E}.Release|Any CPU.Build.0 = Release|Any CPU
	EndGlobalSection
	GlobalSection(SolutionProperties) = preSolution
		HideSolutionNode = FALSE
	EndGlobalSection
	GlobalSection(NestedProjects) = preSolution
		{D522BB9B-967D-47A5-A232-108C1705A733} = {87A1FEA0-0257-4A7D-8D79-CFB8F396DE83}
		{BFBFA578-FFFE-4ADE-8CF0-E5215E68F44B} = {87A1FEA0-0257-4A7D-8D79-CFB8F396DE83}
		{10AEE33E-ECB0-403F-A601-79F5CBD8FEB9} = {87A1FEA0-0257-4A7D-8D79-CFB8F396DE83}
		{7A9F07A9-F416-4028-B10E-1863E08AC632} = {87A1FEA0-0257-4A7D-8D79-CFB8F396DE83}
		{70BD57CF-3528-4808-99FF-FADDAE8FDDEC} = {87A1FEA0-0257-4A7D-8D79-CFB8F396DE83}
		{C8806178-E1E4-4A46-BE2A-2A8B3F8917D7} = {4DBF963E-ED21-4DD5-8944-BF620970D3CA}
		{CD0A1A0D-4D52-48C7-B614-A0C9A63B6CE4} = {4DBF963E-ED21-4DD5-8944-BF620970D3CA}
		{C1214AEF-BDFE-4FBD-8202-D65AB4D0E64D} = {4DBF963E-ED21-4DD5-8944-BF620970D3CA}
		{A5B2FDE8-F108-4AD0-AE30-C093BF6F846B} = {817A0DAD-7CDE-428E-8F95-6B551EA07210}
		{226B5761-3A24-4BFE-8974-A14AD9902E24} = {817A0DAD-7CDE-428E-8F95-6B551EA07210}
		{A4250310-8D3D-4F1A-AC1F-27209230A239} = {A9057A7B-D4EB-40BB-97FA-82B92D977794}
		{4002EE83-8DE0-41B9-9DBA-F68093BF8F4E} = {A9057A7B-D4EB-40BB-97FA-82B92D977794}
	EndGlobalSection
	GlobalSection(ExtensibilityGlobals) = postSolution
		SolutionGuid = {2526BFAC-4795-408F-9888-C731BDF56CD2}
	EndGlobalSection
EndGlobal
